
Microsoft Visual Studio Solution File, Format Version 12.00
# Visual Studio Version 16
VisualStudioVersion = 16.0.810.8
MinimumVisualStudioVersion = 10.0.40219.1
Project("{FAE04EC0-301F-11D3-BF4B-00C04F79EFBC}") = "RedisDemo", "RedisDemo\RedisDemo.csproj", "{AA82B8B5-BDF3-45A7-BE20-0FAFD83598A0}"
EndProject
Global
	GlobalSection(SolutionConfigurationPlatforms) = preSolution
		Debug|Any CPU = Debug|Any CPU
		Release|Any CPU = Release|Any CPU
	EndGlobalSection
	GlobalSection(ProjectConfigurationPlatforms) = postSolution
		{AA82B8B5-BDF3-45A7-BE20-0FAFD83598A0}.Debug|Any CPU.ActiveCfg = Debug|Any CPU
		{AA82B8B5-BDF3-45A7-BE20-0FAFD83598A0}.Debug|Any CPU.Build.0 = Debug|Any CPU
		{AA82B8B5-BDF3-45A7-BE20-0FAFD83598A0}.Release|Any CPU.ActiveCfg = Release|Any CPU
		{AA82B8B5-BDF3-45A7-BE20-0FAFD83598A0}.Release|Any CPU.Build.0 = Release|Any CPU
	EndGlobalSection
	GlobalSection(SolutionProperties) = preSolution
		HideSolutionNode = FALSE
	EndGlobalSection
	GlobalSection(ExtensibilityGlobals) = postSolution
		SolutionGuid = {B508ABE3-F7FD-41B8-B2BA-4CD35A94CC75}
	EndGlobalSection
EndGlobal
